
Microsoft Visual Studio Solution File, Format Version 12.00
# Visual Studio Version 16
VisualStudioVersion = 16.0.31321.278
MinimumVisualStudioVersion = 10.0.40219.1
Project("{FAE04EC0-301F-11D3-BF4B-00C04F79EFBC}") = "CursoMVC", "CursoMVC\CursoMVC.csproj", "{4E788400-4F77-4890-B025-967D4CF6509A}"
EndProject
Global
	GlobalSection(SolutionConfigurationPlatforms) = preSolution
		Debug|Any CPU = Debug|Any CPU
		Release|Any CPU = Release|Any CPU
	EndGlobalSection
	GlobalSection(ProjectConfigurationPlatforms) = postSolution
		{4E788400-4F77-4890-B025-967D4CF6509A}.Debug|Any CPU.ActiveCfg = Debug|Any CPU
		{4E788400-4F77-4890-B025-967D4CF6509A}.Debug|Any CPU.Build.0 = Debug|Any CPU
		{4E788400-4F77-4890-B025-967D4CF6509A}.Release|Any CPU.ActiveCfg = Release|Any CPU
		{4E788400-4F77-4890-B025-967D4CF6509A}.Release|Any CPU.Build.0 = Release|Any CPU
	EndGlobalSection
	GlobalSection(SolutionProperties) = preSolution
		HideSolutionNode = FALSE
	EndGlobalSection
	GlobalSection(ExtensibilityGlobals) = postSolution
		SolutionGuid = {4D916759-1784-4D2A-AB6A-A773AB0E15A2}
	EndGlobalSection
EndGlobal
